// !$*UTF8*$!
{
	archiveVersion = 1;
	classes = {
	};
	objectVersion = 52;
	objects = {

/* Begin PBXBuildFile section */
		209020172410A82B00484194 /* AlbumPresenter.swift in Sources */ = {isa = PBXBuildFile; fileRef = 209020112410A82B00484194 /* AlbumPresenter.swift */; };
		209020182410A82B00484194 /* AlbumWorker.swift in Sources */ = {isa = PBXBuildFile; fileRef = 209020122410A82B00484194 /* AlbumWorker.swift */; };
		209020192410A82B00484194 /* AlbumRouter.swift in Sources */ = {isa = PBXBuildFile; fileRef = 209020132410A82B00484194 /* AlbumRouter.swift */; };
		2090201A2410A82B00484194 /* AlbumModels.swift in Sources */ = {isa = PBXBuildFile; fileRef = 209020142410A82B00484194 /* AlbumModels.swift */; };
		2090201B2410A82B00484194 /* AlbumViewController.swift in Sources */ = {isa = PBXBuildFile; fileRef = 209020152410A82B00484194 /* AlbumViewController.swift */; };
		2090201C2410A82B00484194 /* AlbumInteractor.swift in Sources */ = {isa = PBXBuildFile; fileRef = 209020162410A82B00484194 /* AlbumInteractor.swift */; };
		2090201E2410BC3300484194 /* AlbumModel.swift in Sources */ = {isa = PBXBuildFile; fileRef = 2090201D2410BC3300484194 /* AlbumModel.swift */; };
		209020212410F3A100484194 /* Toast in Frameworks */ = {isa = PBXBuildFile; productRef = 209020202410F3A100484194 /* Toast */; };
		209676B724106A6E002956C6 /* AppDelegate.swift in Sources */ = {isa = PBXBuildFile; fileRef = 209676B624106A6E002956C6 /* AppDelegate.swift */; };
		209676B924106A6E002956C6 /* SceneDelegate.swift in Sources */ = {isa = PBXBuildFile; fileRef = 209676B824106A6E002956C6 /* SceneDelegate.swift */; };
		209676BE24106A6E002956C6 /* Main.storyboard in Resources */ = {isa = PBXBuildFile; fileRef = 209676BC24106A6E002956C6 /* Main.storyboard */; };
		209676C024106A76002956C6 /* Assets.xcassets in Resources */ = {isa = PBXBuildFile; fileRef = 209676BF24106A76002956C6 /* Assets.xcassets */; };
		209676C324106A76002956C6 /* LaunchScreen.storyboard in Resources */ = {isa = PBXBuildFile; fileRef = 209676C124106A76002956C6 /* LaunchScreen.storyboard */; };
		209676CE24106A76002956C6 /* DesafioBCITests.swift in Sources */ = {isa = PBXBuildFile; fileRef = 209676CD24106A76002956C6 /* DesafioBCITests.swift */; };
		209676D924106A77002956C6 /* DesafioBCIUITests.swift in Sources */ = {isa = PBXBuildFile; fileRef = 209676D824106A77002956C6 /* DesafioBCIUITests.swift */; };
		209676E824106DC1002956C6 /* ObtenerDatos.swift in Sources */ = {isa = PBXBuildFile; fileRef = 209676E724106DC1002956C6 /* ObtenerDatos.swift */; };
		209676EB24106E11002956C6 /* CancionModel.swift in Sources */ = {isa = PBXBuildFile; fileRef = 209676EA24106E11002956C6 /* CancionModel.swift */; };
		209676F524106E7E002956C6 /* BuscarPresenter.swift in Sources */ = {isa = PBXBuildFile; fileRef = 209676EF24106E7E002956C6 /* BuscarPresenter.swift */; };
		209676F624106E7E002956C6 /* BuscarWorker.swift in Sources */ = {isa = PBXBuildFile; fileRef = 209676F024106E7E002956C6 /* BuscarWorker.swift */; };
		209676F724106E7E002956C6 /* BuscarRouter.swift in Sources */ = {isa = PBXBuildFile; fileRef = 209676F124106E7E002956C6 /* BuscarRouter.swift */; };
		209676F824106E7E002956C6 /* BuscarModels.swift in Sources */ = {isa = PBXBuildFile; fileRef = 209676F224106E7E002956C6 /* BuscarModels.swift */; };
		209676F924106E7E002956C6 /* BuscarViewController.swift in Sources */ = {isa = PBXBuildFile; fileRef = 209676F324106E7E002956C6 /* BuscarViewController.swift */; };
		209676FA24106E7E002956C6 /* BuscarInteractor.swift in Sources */ = {isa = PBXBuildFile; fileRef = 209676F424106E7E002956C6 /* BuscarInteractor.swift */; };
/* End PBXBuildFile section */

/* Begin PBXContainerItemProxy section */
		209676CA24106A76002956C6 /* PBXContainerItemProxy */ = {
			isa = PBXContainerItemProxy;
			containerPortal = 209676AB24106A6E002956C6 /* Project object */;
			proxyType = 1;
			remoteGlobalIDString = 209676B224106A6E002956C6;
			remoteInfo = DesafioBCI;
		};
		209676D524106A77002956C6 /* PBXContainerItemProxy */ = {
			isa = PBXContainerItemProxy;
			containerPortal = 209676AB24106A6E002956C6 /* Project object */;
			proxyType = 1;
			remoteGlobalIDString = 209676B224106A6E002956C6;
			remoteInfo = DesafioBCI;
		};
/* End PBXContainerItemProxy section */

/* Begin PBXFileReference section */
		209020112410A82B00484194 /* AlbumPresenter.swift */ = {isa = PBXFileReference; lastKnownFileType = sourcecode.swift; path = AlbumPresenter.swift; sourceTree = "<group>"; };
		209020122410A82B00484194 /* AlbumWorker.swift */ = {isa = PBXFileReference; lastKnownFileType = sourcecode.swift; path = AlbumWorker.swift; sourceTree = "<group>"; };
		209020132410A82B00484194 /* AlbumRouter.swift */ = {isa = PBXFileReference; lastKnownFileType = sourcecode.swift; path = AlbumRouter.swift; sourceTree = "<group>"; };
		209020142410A82B00484194 /* AlbumModels.swift */ = {isa = PBXFileReference; lastKnownFileType = sourcecode.swift; path = AlbumModels.swift; sourceTree = "<group>"; };
		209020152410A82B00484194 /* AlbumViewController.swift */ = {isa = PBXFileReference; lastKnownFileType = sourcecode.swift; path = AlbumViewController.swift; sourceTree = "<group>"; };
		209020162410A82B00484194 /* AlbumInteractor.swift */ = {isa = PBXFileReference; lastKnownFileType = sourcecode.swift; path = AlbumInteractor.swift; sourceTree = "<group>"; };
		2090201D2410BC3300484194 /* AlbumModel.swift */ = {isa = PBXFileReference; lastKnownFileType = sourcecode.swift; path = AlbumModel.swift; sourceTree = "<group>"; };
		209676B324106A6E002956C6 /* DesafioBCI.app */ = {isa = PBXFileReference; explicitFileType = wrapper.application; includeInIndex = 0; path = DesafioBCI.app; sourceTree = BUILT_PRODUCTS_DIR; };
		209676B624106A6E002956C6 /* AppDelegate.swift */ = {isa = PBXFileReference; lastKnownFileType = sourcecode.swift; path = AppDelegate.swift; sourceTree = "<group>"; };
		209676B824106A6E002956C6 /* SceneDelegate.swift */ = {isa = PBXFileReference; lastKnownFileType = sourcecode.swift; path = SceneDelegate.swift; sourceTree = "<group>"; };
		209676BD24106A6E002956C6 /* Base */ = {isa = PBXFileReference; lastKnownFileType = file.storyboard; name = Base; path = Base.lproj/Main.storyboard; sourceTree = "<group>"; };
		209676BF24106A76002956C6 /* Assets.xcassets */ = {isa = PBXFileReference; lastKnownFileType = folder.assetcatalog; path = Assets.xcassets; sourceTree = "<group>"; };
		209676C224106A76002956C6 /* Base */ = {isa = PBXFileReference; lastKnownFileType = file.storyboard; name = Base; path = Base.lproj/LaunchScreen.storyboard; sourceTree = "<group>"; };
		209676C424106A76002956C6 /* Info.plist */ = {isa = PBXFileReference; lastKnownFileType = text.plist.xml; path = Info.plist; sourceTree = "<group>"; };
		209676C924106A76002956C6 /* DesafioBCITests.xctest */ = {isa = PBXFileReference; explicitFileType = wrapper.cfbundle; includeInIndex = 0; path = DesafioBCITests.xctest; sourceTree = BUILT_PRODUCTS_DIR; };
		209676CD24106A76002956C6 /* DesafioBCITests.swift */ = {isa = PBXFileReference; lastKnownFileType = sourcecode.swift; path = DesafioBCITests.swift; sourceTree = "<group>"; };
		209676CF24106A76002956C6 /* Info.plist */ = {isa = PBXFileReference; lastKnownFileType = text.plist.xml; path = Info.plist; sourceTree = "<group>"; };
		209676D424106A76002956C6 /* DesafioBCIUITests.xctest */ = {isa = PBXFileReference; explicitFileType = wrapper.cfbundle; includeInIndex = 0; path = DesafioBCIUITests.xctest; sourceTree = BUILT_PRODUCTS_DIR; };
		209676D824106A77002956C6 /* DesafioBCIUITests.swift */ = {isa = PBXFileReference; lastKnownFileType = sourcecode.swift; path = DesafioBCIUITests.swift; sourceTree = "<group>"; };
		209676DA24106A77002956C6 /* Info.plist */ = {isa = PBXFileReference; lastKnownFileType = text.plist.xml; path = Info.plist; sourceTree = "<group>"; };
		209676E724106DC1002956C6 /* ObtenerDatos.swift */ = {isa = PBXFileReference; lastKnownFileType = sourcecode.swift; path = ObtenerDatos.swift; sourceTree = "<group>"; };
		209676EA24106E11002956C6 /* CancionModel.swift */ = {isa = PBXFileReference; lastKnownFileType = sourcecode.swift; path = CancionModel.swift; sourceTree = "<group>"; };
		209676EF24106E7E002956C6 /* BuscarPresenter.swift */ = {isa = PBXFileReference; lastKnownFileType = sourcecode.swift; path = BuscarPresenter.swift; sourceTree = "<group>"; };
		209676F024106E7E002956C6 /* BuscarWorker.swift */ = {isa = PBXFileReference; lastKnownFileType = sourcecode.swift; path = BuscarWorker.swift; sourceTree = "<group>"; };
		209676F124106E7E002956C6 /* BuscarRouter.swift */ = {isa = PBXFileReference; lastKnownFileType = sourcecode.swift; path = BuscarRouter.swift; sourceTree = "<group>"; };
		209676F224106E7E002956C6 /* BuscarModels.swift */ = {isa = PBXFileReference; lastKnownFileType = sourcecode.swift; path = BuscarModels.swift; sourceTree = "<group>"; };
		209676F324106E7E002956C6 /* BuscarViewController.swift */ = {isa = PBXFileReference; lastKnownFileType = sourcecode.swift; path = BuscarViewController.swift; sourceTree = "<group>"; };
		209676F424106E7E002956C6 /* BuscarInteractor.swift */ = {isa = PBXFileReference; lastKnownFileType = sourcecode.swift; path = BuscarInteractor.swift; sourceTree = "<group>"; };
/* End PBXFileReference section */

/* Begin PBXFrameworksBuildPhase section */
		209676B024106A6E002956C6 /* Frameworks */ = {
			isa = PBXFrameworksBuildPhase;
			buildActionMask = 2147483647;
			files = (
				209020212410F3A100484194 /* Toast in Frameworks */,
			);
			runOnlyForDeploymentPostprocessing = 0;
		};
		209676C624106A76002956C6 /* Frameworks */ = {
			isa = PBXFrameworksBuildPhase;
			buildActionMask = 2147483647;
			files = (
			);
			runOnlyForDeploymentPostprocessing = 0;
		};
		209676D124106A76002956C6 /* Frameworks */ = {
			isa = PBXFrameworksBuildPhase;
			buildActionMask = 2147483647;
			files = (
			);
			runOnlyForDeploymentPostprocessing = 0;
		};
/* End PBXFrameworksBuildPhase section */

/* Begin PBXGroup section */
		209676AA24106A6E002956C6 = {
			isa = PBXGroup;
			children = (
				209676B524106A6E002956C6 /* DesafioBCI */,
				209676CC24106A76002956C6 /* DesafioBCITests */,
				209676D724106A77002956C6 /* DesafioBCIUITests */,
				209676B424106A6E002956C6 /* Products */,
			);
			sourceTree = "<group>";
		};
		209676B424106A6E002956C6 /* Products */ = {
			isa = PBXGroup;
			children = (
				209676B324106A6E002956C6 /* DesafioBCI.app */,
				209676C924106A76002956C6 /* DesafioBCITests.xctest */,
				209676D424106A76002956C6 /* DesafioBCIUITests.xctest */,
			);
			name = Products;
			sourceTree = "<group>";
		};
		209676B524106A6E002956C6 /* DesafioBCI */ = {
			isa = PBXGroup;
			children = (
				209676E624106DAC002956C6 /* Get API */,
				209676EC24106E58002956C6 /* Scenes */,
				209676B624106A6E002956C6 /* AppDelegate.swift */,
				209676B824106A6E002956C6 /* SceneDelegate.swift */,
				209676BC24106A6E002956C6 /* Main.storyboard */,
				209676BF24106A76002956C6 /* Assets.xcassets */,
				209676C124106A76002956C6 /* LaunchScreen.storyboard */,
				209676C424106A76002956C6 /* Info.plist */,
			);
			path = DesafioBCI;
			sourceTree = "<group>";
		};
		209676CC24106A76002956C6 /* DesafioBCITests */ = {
			isa = PBXGroup;
			children = (
				209676CD24106A76002956C6 /* DesafioBCITests.swift */,
				209676CF24106A76002956C6 /* Info.plist */,
			);
			path = DesafioBCITests;
			sourceTree = "<group>";
		};
		209676D724106A77002956C6 /* DesafioBCIUITests */ = {
			isa = PBXGroup;
			children = (
				209676D824106A77002956C6 /* DesafioBCIUITests.swift */,
				209676DA24106A77002956C6 /* Info.plist */,
			);
			path = DesafioBCIUITests;
			sourceTree = "<group>";
		};
		209676E624106DAC002956C6 /* Get API */ = {
			isa = PBXGroup;
			children = (
				209676E724106DC1002956C6 /* ObtenerDatos.swift */,
				209676E924106E06002956C6 /* Model */,
			);
			path = "Get API";
			sourceTree = "<group>";
		};
		209676E924106E06002956C6 /* Model */ = {
			isa = PBXGroup;
			children = (
				209676EA24106E11002956C6 /* CancionModel.swift */,
				2090201D2410BC3300484194 /* AlbumModel.swift */,
			);
			path = Model;
			sourceTree = "<group>";
		};
		209676EC24106E58002956C6 /* Scenes */ = {
			isa = PBXGroup;
			children = (
				209676EE24106E63002956C6 /* Buscar */,
				209676ED24106E5F002956C6 /* Album */,
			);
			path = Scenes;
			sourceTree = "<group>";
		};
		209676ED24106E5F002956C6 /* Album */ = {
			isa = PBXGroup;
			children = (
				209020112410A82B00484194 /* AlbumPresenter.swift */,
				209020122410A82B00484194 /* AlbumWorker.swift */,
				209020132410A82B00484194 /* AlbumRouter.swift */,
				209020142410A82B00484194 /* AlbumModels.swift */,
				209020152410A82B00484194 /* AlbumViewController.swift */,
				209020162410A82B00484194 /* AlbumInteractor.swift */,
			);
			path = Album;
			sourceTree = "<group>";
		};
		209676EE24106E63002956C6 /* Buscar */ = {
			isa = PBXGroup;
			children = (
				209676EF24106E7E002956C6 /* BuscarPresenter.swift */,
				209676F024106E7E002956C6 /* BuscarWorker.swift */,
				209676F124106E7E002956C6 /* BuscarRouter.swift */,
				209676F224106E7E002956C6 /* BuscarModels.swift */,
				209676F324106E7E002956C6 /* BuscarViewController.swift */,
				209676F424106E7E002956C6 /* BuscarInteractor.swift */,
			);
			path = Buscar;
			sourceTree = "<group>";
		};
/* End PBXGroup section */

/* Begin PBXNativeTarget section */
		209676B224106A6E002956C6 /* DesafioBCI */ = {
			isa = PBXNativeTarget;
			buildConfigurationList = 209676DD24106A77002956C6 /* Build configuration list for PBXNativeTarget "DesafioBCI" */;
			buildPhases = (
				209676AF24106A6E002956C6 /* Sources */,
				209676B024106A6E002956C6 /* Frameworks */,
				209676B124106A6E002956C6 /* Resources */,
			);
			buildRules = (
			);
			dependencies = (
			);
			name = DesafioBCI;
			packageProductDependencies = (
				209020202410F3A100484194 /* Toast */,
			);
			productName = DesafioBCI;
			productReference = 209676B324106A6E002956C6 /* DesafioBCI.app */;
			productType = "com.apple.product-type.application";
		};
		209676C824106A76002956C6 /* DesafioBCITests */ = {
			isa = PBXNativeTarget;
			buildConfigurationList = 209676E024106A77002956C6 /* Build configuration list for PBXNativeTarget "DesafioBCITests" */;
			buildPhases = (
				209676C524106A76002956C6 /* Sources */,
				209676C624106A76002956C6 /* Frameworks */,
				209676C724106A76002956C6 /* Resources */,
			);
			buildRules = (
			);
			dependencies = (
				209676CB24106A76002956C6 /* PBXTargetDependency */,
			);
			name = DesafioBCITests;
			productName = DesafioBCITests;
			productReference = 209676C924106A76002956C6 /* DesafioBCITests.xctest */;
			productType = "com.apple.product-type.bundle.unit-test";
		};
		209676D324106A76002956C6 /* DesafioBCIUITests */ = {
			isa = PBXNativeTarget;
			buildConfigurationList = 209676E324106A77002956C6 /* Build configuration list for PBXNativeTarget "DesafioBCIUITests" */;
			buildPhases = (
				209676D024106A76002956C6 /* Sources */,
				209676D124106A76002956C6 /* Frameworks */,
				209676D224106A76002956C6 /* Resources */,
			);
			buildRules = (
			);
			dependencies = (
				209676D624106A77002956C6 /* PBXTargetDependency */,
			);
			name = DesafioBCIUITests;
			productName = DesafioBCIUITests;
			productReference = 209676D424106A76002956C6 /* DesafioBCIUITests.xctest */;
			productType = "com.apple.product-type.bundle.ui-testing";
		};
/* End PBXNativeTarget section */

/* Begin PBXProject section */
		209676AB24106A6E002956C6 /* Project object */ = {
			isa = PBXProject;
			attributes = {
				LastSwiftUpdateCheck = 1130;
				LastUpgradeCheck = 1130;
				ORGANIZATIONNAME = dev_Jo;
				TargetAttributes = {
					209676B224106A6E002956C6 = {
						CreatedOnToolsVersion = 11.3.1;
					};
					209676C824106A76002956C6 = {
						CreatedOnToolsVersion = 11.3.1;
						TestTargetID = 209676B224106A6E002956C6;
					};
					209676D324106A76002956C6 = {
						CreatedOnToolsVersion = 11.3.1;
						TestTargetID = 209676B224106A6E002956C6;
					};
				};
			};
			buildConfigurationList = 209676AE24106A6E002956C6 /* Build configuration list for PBXProject "DesafioBCI" */;
			compatibilityVersion = "Xcode 9.3";
			developmentRegion = en;
			hasScannedForEncodings = 0;
			knownRegions = (
				en,
				Base,
			);
			mainGroup = 209676AA24106A6E002956C6;
			packageReferences = (
				2090201F2410F3A100484194 /* XCRemoteSwiftPackageReference "Toast-Swift" */,
			);
			productRefGroup = 209676B424106A6E002956C6 /* Products */;
			projectDirPath = "";
			projectRoot = "";
			targets = (
				209676B224106A6E002956C6 /* DesafioBCI */,
				209676C824106A76002956C6 /* DesafioBCITests */,
				209676D324106A76002956C6 /* DesafioBCIUITests */,
			);
		};
/* End PBXProject section */

/* Begin PBXResourcesBuildPhase section */
		209676B124106A6E002956C6 /* Resources */ = {
			isa = PBXResourcesBuildPhase;
			buildActionMask = 2147483647;
			files = (
				209676C324106A76002956C6 /* LaunchScreen.storyboard in Resources */,
				209676C024106A76002956C6 /* Assets.xcassets in Resources */,
				209676BE24106A6E002956C6 /* Main.storyboard in Resources */,
			);
			runOnlyForDeploymentPostprocessing = 0;
		};
		209676C724106A76002956C6 /* Resources */ = {
			isa = PBXResourcesBuildPhase;
			buildActionMask = 2147483647;
			files = (
			);
			runOnlyForDeploymentPostprocessing = 0;
		};
		209676D224106A76002956C6 /* Resources */ = {
			isa = PBXResourcesBuildPhase;
			buildActionMask = 2147483647;
			files = (
			);
			runOnlyForDeploymentPostprocessing = 0;
		};
/* End PBXResourcesBuildPhase section */

/* Begin PBXSourcesBuildPhase section */
		209676AF24106A6E002956C6 /* Sources */ = {
			isa = PBXSourcesBuildPhase;
			buildActionMask = 2147483647;
			files = (
				209020172410A82B00484194 /* AlbumPresenter.swift in Sources */,
				2090201A2410A82B00484194 /* AlbumModels.swift in Sources */,
				209676FA24106E7E002956C6 /* BuscarInteractor.swift in Sources */,
				209676F924106E7E002956C6 /* BuscarViewController.swift in Sources */,
				209676B724106A6E002956C6 /* AppDelegate.swift in Sources */,
				209676F824106E7E002956C6 /* BuscarModels.swift in Sources */,
				2090201B2410A82B00484194 /* AlbumViewController.swift in Sources */,
				209676EB24106E11002956C6 /* CancionModel.swift in Sources */,
				209676E824106DC1002956C6 /* ObtenerDatos.swift in Sources */,
				209020182410A82B00484194 /* AlbumWorker.swift in Sources */,
				209676F724106E7E002956C6 /* BuscarRouter.swift in Sources */,
				209676F524106E7E002956C6 /* BuscarPresenter.swift in Sources */,
				2090201E2410BC3300484194 /* AlbumModel.swift in Sources */,
				2090201C2410A82B00484194 /* AlbumInteractor.swift in Sources */,
				209020192410A82B00484194 /* AlbumRouter.swift in Sources */,
				209676B924106A6E002956C6 /* SceneDelegate.swift in Sources */,
				209676F624106E7E002956C6 /* BuscarWorker.swift in Sources */,
			);
			runOnlyForDeploymentPostprocessing = 0;
		};
		209676C524106A76002956C6 /* Sources */ = {
			isa = PBXSourcesBuildPhase;
			buildActionMask = 2147483647;
			files = (
				209676CE24106A76002956C6 /* DesafioBCITests.swift in Sources */,
			);
			runOnlyForDeploymentPostprocessing = 0;
		};
		209676D024106A76002956C6 /* Sources */ = {
			isa = PBXSourcesBuildPhase;
			buildActionMask = 2147483647;
			files = (
				209676D924106A77002956C6 /* DesafioBCIUITests.swift in Sources */,
			);
			runOnlyForDeploymentPostprocessing = 0;
		};
/* End PBXSourcesBuildPhase section */

/* Begin PBXTargetDependency section */
		209676CB24106A76002956C6 /* PBXTargetDependency */ = {
			isa = PBXTargetDependency;
			target = 209676B224106A6E002956C6 /* DesafioBCI */;
			targetProxy = 209676CA24106A76002956C6 /* PBXContainerItemProxy */;
		};
		209676D624106A77002956C6 /* PBXTargetDependency */ = {
			isa = PBXTargetDependency;
			target = 209676B224106A6E002956C6 /* DesafioBCI */;
			targetProxy = 209676D524106A77002956C6 /* PBXContainerItemProxy */;
		};
/* End PBXTargetDependency section */

/* Begin PBXVariantGroup section */
		209676BC24106A6E002956C6 /* Main.storyboard */ = {
			isa = PBXVariantGroup;
			children = (
				209676BD24106A6E002956C6 /* Base */,
			);
			name = Main.storyboard;
			sourceTree = "<group>";
		};
		209676C124106A76002956C6 /* LaunchScreen.storyboard */ = {
			isa = PBXVariantGroup;
			children = (
				209676C224106A76002956C6 /* Base */,
			);
			name = LaunchScreen.storyboard;
			sourceTree = "<group>";
		};
/* End PBXVariantGroup section */

/* Begin XCBuildConfiguration section */
		209676DB24106A77002956C6 /* Debug */ = {
			isa = XCBuildConfiguration;
			buildSettings = {
				ALWAYS_SEARCH_USER_PATHS = NO;
				CLANG_ANALYZER_NONNULL = YES;
				CLANG_ANALYZER_NUMBER_OBJECT_CONVERSION = YES_AGGRESSIVE;
				CLANG_CXX_LANGUAGE_STANDARD = "gnu++14";
				CLANG_CXX_LIBRARY = "libc++";
				CLANG_ENABLE_MODULES = YES;
				CLANG_ENABLE_OBJC_ARC = YES;
				CLANG_ENABLE_OBJC_WEAK = YES;
				CLANG_WARN_BLOCK_CAPTURE_AUTORELEASING = YES;
				CLANG_WARN_BOOL_CONVERSION = YES;
				CLANG_WARN_COMMA = YES;
				CLANG_WARN_CONSTANT_CONVERSION = YES;
				CLANG_WARN_DEPRECATED_OBJC_IMPLEMENTATIONS = YES;
				CLANG_WARN_DIRECT_OBJC_ISA_USAGE = YES_ERROR;
				CLANG_WARN_DOCUMENTATION_COMMENTS = YES;
				CLANG_WARN_EMPTY_BODY = YES;
				CLANG_WARN_ENUM_CONVERSION = YES;
				CLANG_WARN_INFINITE_RECURSION = YES;
				CLANG_WARN_INT_CONVERSION = YES;
				CLANG_WARN_NON_LITERAL_NULL_CONVERSION = YES;
				CLANG_WARN_OBJC_IMPLICIT_RETAIN_SELF = YES;
				CLANG_WARN_OBJC_LITERAL_CONVERSION = YES;
				CLANG_WARN_OBJC_ROOT_CLASS = YES_ERROR;
				CLANG_WARN_RANGE_LOOP_ANALYSIS = YES;
				CLANG_WARN_STRICT_PROTOTYPES = YES;
				CLANG_WARN_SUSPICIOUS_MOVE = YES;
				CLANG_WARN_UNGUARDED_AVAILABILITY = YES_AGGRESSIVE;
				CLANG_WARN_UNREACHABLE_CODE = YES;
				CLANG_WARN__DUPLICATE_METHOD_MATCH = YES;
				COPY_PHASE_STRIP = NO;
				DEBUG_INFORMATION_FORMAT = dwarf;
				ENABLE_STRICT_OBJC_MSGSEND = YES;
				ENABLE_TESTABILITY = YES;
				GCC_C_LANGUAGE_STANDARD = gnu11;
				GCC_DYNAMIC_NO_PIC = NO;
				GCC_NO_COMMON_BLOCKS = YES;
				GCC_OPTIMIZATION_LEVEL = 0;
				GCC_PREPROCESSOR_DEFINITIONS = (
					"DEBUG=1",
					"$(inherited)",
				);
				GCC_WARN_64_TO_32_BIT_CONVERSION = YES;
				GCC_WARN_ABOUT_RETURN_TYPE = YES_ERROR;
				GCC_WARN_UNDECLARED_SELECTOR = YES;
				GCC_WARN_UNINITIALIZED_AUTOS = YES_AGGRESSIVE;
				GCC_WARN_UNUSED_FUNCTION = YES;
				GCC_WARN_UNUSED_VARIABLE = YES;
				IPHONEOS_DEPLOYMENT_TARGET = 13.2;
				MTL_ENABLE_DEBUG_INFO = INCLUDE_SOURCE;
				MTL_FAST_MATH = YES;
				ONLY_ACTIVE_ARCH = YES;
				SDKROOT = iphoneos;
				SWIFT_ACTIVE_COMPILATION_CONDITIONS = DEBUG;
				SWIFT_OPTIMIZATION_LEVEL = "-Onone";
			};
			name = Debug;
		};
		209676DC24106A77002956C6 /* Release */ = {
			isa = XCBuildConfiguration;
			buildSettings = {
				ALWAYS_SEARCH_USER_PATHS = NO;
				CLANG_ANALYZER_NONNULL = YES;
				CLANG_ANALYZER_NUMBER_OBJECT_CONVERSION = YES_AGGRESSIVE;
				CLANG_CXX_LANGUAGE_STANDARD = "gnu++14";
				CLANG_CXX_LIBRARY = "libc++";
				CLANG_ENABLE_MODULES = YES;
				CLANG_ENABLE_OBJC_ARC = YES;
				CLANG_ENABLE_OBJC_WEAK = YES;
				CLANG_WARN_BLOCK_CAPTURE_AUTORELEASING = YES;
				CLANG_WARN_BOOL_CONVERSION = YES;
				CLANG_WARN_COMMA = YES;
				CLANG_WARN_CONSTANT_CONVERSION = YES;
				CLANG_WARN_DEPRECATED_OBJC_IMPLEMENTATIONS = YES;
				CLANG_WARN_DIRECT_OBJC_ISA_USAGE = YES_ERROR;
				CLANG_WARN_DOCUMENTATION_COMMENTS = YES;
				CLANG_WARN_EMPTY_BODY = YES;
				CLANG_WARN_ENUM_CONVERSION = YES;
				CLANG_WARN_INFINITE_RECURSION = YES;
				CLANG_WARN_INT_CONVERSION = YES;
				CLANG_WARN_NON_LITERAL_NULL_CONVERSION = YES;
				CLANG_WARN_OBJC_IMPLICIT_RETAIN_SELF = YES;
				CLANG_WARN_OBJC_LITERAL_CONVERSION = YES;
				CLANG_WARN_OBJC_ROOT_CLASS = YES_ERROR;
				CLANG_WARN_RANGE_LOOP_ANALYSIS = YES;
				CLANG_WARN_STRICT_PROTOTYPES = YES;
				CLANG_WARN_SUSPICIOUS_MOVE = YES;
				CLANG_WARN_UNGUARDED_AVAILABILITY = YES_AGGRESSIVE;
				CLANG_WARN_UNREACHABLE_CODE = YES;
				CLANG_WARN__DUPLICATE_METHOD_MATCH = YES;
				COPY_PHASE_STRIP = NO;
				DEBUG_INFORMATION_FORMAT = "dwarf-with-dsym";
				ENABLE_NS_ASSERTIONS = NO;
				ENABLE_STRICT_OBJC_MSGSEND = YES;
				GCC_C_LANGUAGE_STANDARD = gnu11;
				GCC_NO_COMMON_BLOCKS = YES;
				GCC_WARN_64_TO_32_BIT_CONVERSION = YES;
				GCC_WARN_ABOUT_RETURN_TYPE = YES_ERROR;
				GCC_WARN_UNDECLARED_SELECTOR = YES;
				GCC_WARN_UNINITIALIZED_AUTOS = YES_AGGRESSIVE;
				GCC_WARN_UNUSED_FUNCTION = YES;
				GCC_WARN_UNUSED_VARIABLE = YES;
				IPHONEOS_DEPLOYMENT_TARGET = 13.2;
				MTL_ENABLE_DEBUG_INFO = NO;
				MTL_FAST_MATH = YES;
				SDKROOT = iphoneos;
				SWIFT_COMPILATION_MODE = wholemodule;
				SWIFT_OPTIMIZATION_LEVEL = "-O";
				VALIDATE_PRODUCT = YES;
			};
			name = Release;
		};
		209676DE24106A77002956C6 /* Debug */ = {
			isa = XCBuildConfiguration;
			buildSettings = {
				ASSETCATALOG_COMPILER_APPICON_NAME = AppIcon;
				CODE_SIGN_STYLE = Automatic;
				DEVELOPMENT_TEAM = D5V8H9VF43;
				INFOPLIST_FILE = DesafioBCI/Info.plist;
				LD_RUNPATH_SEARCH_PATHS = (
					"$(inherited)",
					"@executable_path/Frameworks",
				);
				PRODUCT_BUNDLE_IDENTIFIER = "com.dev-jo.DesafioBCI";
				PRODUCT_NAME = "$(TARGET_NAME)";
				SWIFT_VERSION = 5.0;
				TARGETED_DEVICE_FAMILY = 1;
			};
			name = Debug;
		};
		209676DF24106A77002956C6 /* Release */ = {
			isa = XCBuildConfiguration;
			buildSettings = {
				ASSETCATALOG_COMPILER_APPICON_NAME = AppIcon;
				CODE_SIGN_STYLE = Automatic;
				DEVELOPMENT_TEAM = D5V8H9VF43;
				INFOPLIST_FILE = DesafioBCI/Info.plist;
				LD_RUNPATH_SEARCH_PATHS = (
					"$(inherited)",
					"@executable_path/Frameworks",
				);
				PRODUCT_BUNDLE_IDENTIFIER = "com.dev-jo.DesafioBCI";
				PRODUCT_NAME = "$(TARGET_NAME)";
				SWIFT_VERSION = 5.0;
				TARGETED_DEVICE_FAMILY = 1;
			};
			name = Release;
		};
		209676E124106A77002956C6 /* Debug */ = {
			isa = XCBuildConfiguration;
			buildSettings = {
				ALWAYS_EMBED_SWIFT_STANDARD_LIBRARIES = YES;
				BUNDLE_LOADER = "$(TEST_HOST)";
				CODE_SIGN_STYLE = Automatic;
				DEVELOPMENT_TEAM = D5V8H9VF43;
				INFOPLIST_FILE = DesafioBCITests/Info.plist;
				IPHONEOS_DEPLOYMENT_TARGET = 13.2;
				LD_RUNPATH_SEARCH_PATHS = (
					"$(inherited)",
					"@executable_path/Frameworks",
					"@loader_path/Frameworks",
				);
				PRODUCT_BUNDLE_IDENTIFIER = "com.dev-jo.DesafioBCITests";
				PRODUCT_NAME = "$(TARGET_NAME)";
				SWIFT_VERSION = 5.0;
				TARGETED_DEVICE_FAMILY = "1,2";
				TEST_HOST = "$(BUILT_PRODUCTS_DIR)/DesafioBCI.app/DesafioBCI";
			};
			name = Debug;
		};
		209676E224106A77002956C6 /* Release */ = {
			isa = XCBuildConfiguration;
			buildSettings = {
				ALWAYS_EMBED_SWIFT_STANDARD_LIBRARIES = YES;
				BUNDLE_LOADER = "$(TEST_HOST)";
				CODE_SIGN_STYLE = Automatic;
				DEVELOPMENT_TEAM = D5V8H9VF43;
				INFOPLIST_FILE = DesafioBCITests/Info.plist;
				IPHONEOS_DEPLOYMENT_TARGET = 13.2;
				LD_RUNPATH_SEARCH_PATHS = (
					"$(inherited)",
					"@executable_path/Frameworks",
					"@loader_path/Frameworks",
				);
				PRODUCT_BUNDLE_IDENTIFIER = "com.dev-jo.DesafioBCITests";
				PRODUCT_NAME = "$(TARGET_NAME)";
				SWIFT_VERSION = 5.0;
				TARGETED_DEVICE_FAMILY = "1,2";
				TEST_HOST = "$(BUILT_PRODUCTS_DIR)/DesafioBCI.app/DesafioBCI";
			};
			name = Release;
		};
		209676E424106A77002956C6 /* Debug */ = {
			isa = XCBuildConfiguration;
			buildSettings = {
				ALWAYS_EMBED_SWIFT_STANDARD_LIBRARIES = YES;
				CODE_SIGN_STYLE = Automatic;
				DEVELOPMENT_TEAM = D5V8H9VF43;
				INFOPLIST_FILE = DesafioBCIUITests/Info.plist;
				LD_RUNPATH_SEARCH_PATHS = (
					"$(inherited)",
					"@executable_path/Frameworks",
					"@loader_path/Frameworks",
				);
				PRODUCT_BUNDLE_IDENTIFIER = "com.dev-jo.DesafioBCIUITests";
				PRODUCT_NAME = "$(TARGET_NAME)";
				SWIFT_VERSION = 5.0;
				TARGETED_DEVICE_FAMILY = "1,2";
				TEST_TARGET_NAME = DesafioBCI;
			};
			name = Debug;
		};
		209676E524106A77002956C6 /* Release */ = {
			isa = XCBuildConfiguration;
			buildSettings = {
				ALWAYS_EMBED_SWIFT_STANDARD_LIBRARIES = YES;
				CODE_SIGN_STYLE = Automatic;
				DEVELOPMENT_TEAM = D5V8H9VF43;
				INFOPLIST_FILE = DesafioBCIUITests/Info.plist;
				LD_RUNPATH_SEARCH_PATHS = (
					"$(inherited)",
					"@executable_path/Frameworks",
					"@loader_path/Frameworks",
				);
				PRODUCT_BUNDLE_IDENTIFIER = "com.dev-jo.DesafioBCIUITests";
				PRODUCT_NAME = "$(TARGET_NAME)";
				SWIFT_VERSION = 5.0;
				TARGETED_DEVICE_FAMILY = "1,2";
				TEST_TARGET_NAME = DesafioBCI;
			};
			name = Release;
		};
/* End XCBuildConfiguration section */

/* Begin XCConfigurationList section */
		209676AE24106A6E002956C6 /* Build configuration list for PBXProject "DesafioBCI" */ = {
			isa = XCConfigurationList;
			buildConfigurations = (
				209676DB24106A77002956C6 /* Debug */,
				209676DC24106A77002956C6 /* Release */,
			);
			defaultConfigurationIsVisible = 0;
			defaultConfigurationName = Release;
		};
		209676DD24106A77002956C6 /* Build configuration list for PBXNativeTarget "DesafioBCI" */ = {
			isa = XCConfigurationList;
			buildConfigurations = (
				209676DE24106A77002956C6 /* Debug */,
				209676DF24106A77002956C6 /* Release */,
			);
			defaultConfigurationIsVisible = 0;
			defaultConfigurationName = Release;
		};
		209676E024106A77002956C6 /* Build configuration list for PBXNativeTarget "DesafioBCITests" */ = {
			isa = XCConfigurationList;
			buildConfigurations = (
				209676E124106A77002956C6 /* Debug */,
				209676E224106A77002956C6 /* Release */,
			);
			defaultConfigurationIsVisible = 0;
			defaultConfigurationName = Release;
		};
		209676E324106A77002956C6 /* Build configuration list for PBXNativeTarget "DesafioBCIUITests" */ = {
			isa = XCConfigurationList;
			buildConfigurations = (
				209676E424106A77002956C6 /* Debug */,
				209676E524106A77002956C6 /* Release */,
			);
			defaultConfigurationIsVisible = 0;
			defaultConfigurationName = Release;
		};
/* End XCConfigurationList section */

/* Begin XCRemoteSwiftPackageReference section */
		2090201F2410F3A100484194 /* XCRemoteSwiftPackageReference "Toast-Swift" */ = {
			isa = XCRemoteSwiftPackageReference;
			repositoryURL = "https://github.com/scalessec/Toast-Swift";
			requirement = {
				kind = upToNextMajorVersion;
				minimumVersion = 5.0.1;
			};
		};
/* End XCRemoteSwiftPackageReference section */

/* Begin XCSwiftPackageProductDependency section */
		209020202410F3A100484194 /* Toast */ = {
			isa = XCSwiftPackageProductDependency;
			package = 2090201F2410F3A100484194 /* XCRemoteSwiftPackageReference "Toast-Swift" */;
			productName = Toast;
		};
/* End XCSwiftPackageProductDependency section */
	};
	rootObject = 209676AB24106A6E002956C6 /* Project object */;
}
